<?xml version="1.0" encoding="UTF-8"?>
<Project ToolsVersion="14.0" xmlns="http://schemas.microsoft.com/developer/msbuild/2003">
  <ItemGroup>
    <CustomBuild Include="C:\Users\lechen\Documents\HW557\03_sphere\CMakeFiles\595c1f6c1fe7713bbb3c83b81cc55283\generate.stamp.rule">
      <Filter>CMake Rules</Filter>
    </CustomBuild>
  </ItemGroup>
  <ItemGroup>
    <Filter Include="CMake Rules">
      <UniqueIdentifier>{E154198E-A9DE-3A15-9E64-E1D10F384510}</UniqueIdentifier>
    </Filter>
  </ItemGroup>
</Project>
